Microsoft Visual Studio Solution File, Format Version 12.00
# Visual Studio Version 17
VisualStudioVersion = 17.0.31903.59
MinimumVisualStudioVersion = 10.0.40219.1
Project("{2150E333-8FDC-42A3-9474-1A3956D46DE8}") = "Src", "Src", "{1A2B3C4D-5E6F-7A8B-9C0D-1E2F3A4B5C6D}"
EndProject
Project("{FAE04EC0-301F-11D3-BF4B-00C04F79EFBC}") = "AdfsAuth", "Src\AdfsAuth\AdfsAuth.csproj", "{1A2B3C4D-5E6F-7A8B-9C0D-1E2F3A4B5C6E}"
EndProject
Project("{FAE04EC0-301F-11D3-BF4B-00C04F79EFBC}") = "AdfsAuthTool", "Src\AdfsAuthTool\AdfsAutomationUsage.csproj", "{1A2B3C4D-5E6F-7A8B-9C0D-1E2F3A4B5C6F}"
EndProject
Global
	GlobalSection(SolutionConfigurationPlatforms) = preSolution
		Debug|Any CPU = Debug|Any CPU
		Release|Any CPU = Release|Any CPU
	EndGlobalSection
	GlobalSection(SolutionProperties) = preSolution
		HideSolutionNode = FALSE
	EndGlobalSection
	GlobalSection(ProjectConfigurationPlatforms) = postSolution
		{1A2B3C4D-5E6F-7A8B-9C0D-1E2F3A4B5C6E}.Debug|Any CPU.ActiveCfg = Debug|Any CPU
		{1A2B3C4D-5E6F-7A8B-9C0D-1E2F3A4B5C6E}.Debug|Any CPU.Build.0 = Debug|Any CPU
		{1A2B3C4D-5E6F-7A8B-9C0D-1E2F3A4B5C6E}.Release|Any CPU.ActiveCfg = Release|Any CPU
		{1A2B3C4D-5E6F-7A8B-9C0D-1E2F3A4B5C6E}.Release|Any CPU.Build.0 = Release|Any CPU
		{1A2B3C4D-5E6F-7A8B-9C0D-1E2F3A4B5C6F}.Debug|Any CPU.ActiveCfg = Debug|Any CPU
		{1A2B3C4D-5E6F-7A8B-9C0D-1E2F3A4B5C6F}.Debug|Any CPU.Build.0 = Debug|Any CPU
		{1A2B3C4D-5E6F-7A8B-9C0D-1E2F3A4B5C6F}.Release|Any CPU.ActiveCfg = Release|Any CPU
		{1A2B3C4D-5E6F-7A8B-9C0D-1E2F3A4B5C6F}.Release|Any CPU.Build.0 = Release|Any CPU
	EndGlobalSection
	GlobalSection(NestedProjects) = preSolution
		{1A2B3C4D-5E6F-7A8B-9C0D-1E2F3A4B5C6E} = {1A2B3C4D-5E6F-7A8B-9C0D-1E2F3A4B5C6D}
		{1A2B3C4D-5E6F-7A8B-9C0D-1E2F3A4B5C6F} = {1A2B3C4D-5E6F-7A8B-9C0D-1E2F3A4B5C6D}
	EndGlobalSection
EndGlobal
